Microsoft Visual Studio Solution File, Format Version 13.00
# Visual Studio 2013
Project("{FAE04EC0-301F-11D3-BF4B-00C04F79EFBC}") = "AccountsFee__nullTanPhu.Entities", "AccountsFee__nullTanPhu.Entities\AccountsFee__nullTanPhu.Entities.csproj", "{9DA31F82-5AF0-4FFE-9362-363ACD6156FF}"
EndProject
Project("{FAE04EC0-301F-11D3-BF4B-00C04F79EFBC}") = "AccountsFee__nullTanPhu.Data", "AccountsFee__nullTanPhu.Data\AccountsFee__nullTanPhu.Data.csproj", "{8287889F-9530-4DC6-8E7E-E4E1CDF1EBA5}"
EndProject
Project("{FAE04EC0-301F-11D3-BF4B-00C04F79EFBC}") = "AccountsFee__nullTanPhu.Data.SqlClient", "AccountsFee__nullTanPhu.Data.SqlClient\AccountsFee__nullTanPhu.Data.SqlClient.csproj", "{D0C411BB-EBCF-411E-AF15-61353156F8C0}"
EndProject
Project("{FAE04EC0-301F-11D3-BF4B-00C04F79EFBC}") = "AccountsFee__nullTanPhu.Services", "AccountsFee__nullTanPhu.Services\AccountsFee__nullTanPhu.Services.csproj", "{0401B75F-685F-439E-9837-CE5B7AE69C94}"
EndProject
Project("{2150E333-8FDC-42A3-9474-1A3956D46DE8}") = "NetTiers", "NetTiers", "{F3A10C8D-3227-449F-A2CB-014DE2D7F415}"
	ProjectSection(SolutionItems) = preProject
		AssemblyInfo.cs = AssemblyInfo.cs
	EndProjectSection
EndProject
Global
	GlobalSection(SolutionConfigurationPlatforms) = preSolution
		Debug|Any CPU = Debug|Any CPU
		Release|Any CPU = Release|Any CPU
	EndGlobalSection
	GlobalSection(ProjectConfigurationPlatforms) = postSolution
		{9DA31F82-5AF0-4FFE-9362-363ACD6156FF}.Debug|Any CPU.ActiveCfg = Debug|Any CPU
		{9DA31F82-5AF0-4FFE-9362-363ACD6156FF}.Debug|Any CPU.Build.0 = Debug|Any CPU
		{9DA31F82-5AF0-4FFE-9362-363ACD6156FF}.Release|Any CPU.ActiveCfg = Release|Any CPU
		{9DA31F82-5AF0-4FFE-9362-363ACD6156FF}.Release|Any CPU.Build.0 = Release|Any CPU
		{8287889F-9530-4DC6-8E7E-E4E1CDF1EBA5}.Debug|Any CPU.ActiveCfg = Debug|Any CPU
		{8287889F-9530-4DC6-8E7E-E4E1CDF1EBA5}.Debug|Any CPU.Build.0 = Debug|Any CPU
		{8287889F-9530-4DC6-8E7E-E4E1CDF1EBA5}.Release|Any CPU.ActiveCfg = Release|Any CPU
		{8287889F-9530-4DC6-8E7E-E4E1CDF1EBA5}.Release|Any CPU.Build.0 = Release|Any CPU
		{D0C411BB-EBCF-411E-AF15-61353156F8C0}.Debug|Any CPU.ActiveCfg = Debug|Any CPU
		{D0C411BB-EBCF-411E-AF15-61353156F8C0}.Debug|Any CPU.Build.0 = Debug|Any CPU
		{D0C411BB-EBCF-411E-AF15-61353156F8C0}.Release|Any CPU.ActiveCfg = Release|Any CPU
		{D0C411BB-EBCF-411E-AF15-61353156F8C0}.Release|Any CPU.Build.0 = Release|Any CPU
		{0401B75F-685F-439E-9837-CE5B7AE69C94}.Debug|Any CPU.ActiveCfg = Debug|Any CPU
		{0401B75F-685F-439E-9837-CE5B7AE69C94}.Debug|Any CPU.Build.0 = Debug|Any CPU
		{0401B75F-685F-439E-9837-CE5B7AE69C94}.Release|Any CPU.ActiveCfg = Release|Any CPU
		{0401B75F-685F-439E-9837-CE5B7AE69C94}.Release|Any CPU.Build.0 = Release|Any CPU
	EndGlobalSection
	GlobalSection(SolutionProperties) = preSolution
		HideSolutionNode = FALSE
	EndGlobalSection
	GlobalSection(NestedProjects) = preSolution
		{9DA31F82-5AF0-4FFE-9362-363ACD6156FF} = {F3A10C8D-3227-449F-A2CB-014DE2D7F415}
		{8287889F-9530-4DC6-8E7E-E4E1CDF1EBA5} = {F3A10C8D-3227-449F-A2CB-014DE2D7F415}
		{D0C411BB-EBCF-411E-AF15-61353156F8C0} = {F3A10C8D-3227-449F-A2CB-014DE2D7F415}
		{0401B75F-685F-439E-9837-CE5B7AE69C94} = {F3A10C8D-3227-449F-A2CB-014DE2D7F415}
	EndGlobalSection
EndGlobal
